
Microsoft Visual Studio Solution File, Format Version 12.00
# Visual Studio 15
VisualStudioVersion = 15.0.27130.2010
MinimumVisualStudioVersion = 10.0.40219.1
Project("{FAE04EC0-301F-11D3-BF4B-00C04F79EFBC}") = "Build", "Build\Build.csproj", "{B91053D8-B41A-4329-B5D8-137872F4DAEE}"
EndProject
Project("{FAE04EC0-301F-11D3-BF4B-00C04F79EFBC}") = "Payload", "Payload\Payload.csproj", "{DEBEFFA9-8B3E-4AA4-937F-C2BE6D945C41}"
EndProject
Global
	GlobalSection(SolutionConfigurationPlatforms) = preSolution
		Debug|Any CPU = Debug|Any CPU
		Release|Any CPU = Release|Any CPU
	EndGlobalSection
	GlobalSection(ProjectConfigurationPlatforms) = postSolution
		{B91053D8-B41A-4329-B5D8-137872F4DAEE}.Debug|Any CPU.ActiveCfg = Debug|Any CPU
		{B91053D8-B41A-4329-B5D8-137872F4DAEE}.Debug|Any CPU.Build.0 = Debug|Any CPU
		{B91053D8-B41A-4329-B5D8-137872F4DAEE}.Release|Any CPU.ActiveCfg = Release|Any CPU
		{B91053D8-B41A-4329-B5D8-137872F4DAEE}.Release|Any CPU.Build.0 = Release|Any CPU
		{DEBEFFA9-8B3E-4AA4-937F-C2BE6D945C41}.Debug|Any CPU.ActiveCfg = Debug|Any CPU
		{DEBEFFA9-8B3E-4AA4-937F-C2BE6D945C41}.Debug|Any CPU.Build.0 = Debug|Any CPU
		{DEBEFFA9-8B3E-4AA4-937F-C2BE6D945C41}.Release|Any CPU.ActiveCfg = Release|Any CPU
		{DEBEFFA9-8B3E-4AA4-937F-C2BE6D945C41}.Release|Any CPU.Build.0 = Release|Any CPU
	EndGlobalSection
	GlobalSection(SolutionProperties) = preSolution
		HideSolutionNode = FALSE
	EndGlobalSection
	GlobalSection(ExtensibilityGlobals) = postSolution
		SolutionGuid = {91B92015-3C9F-4A40-AA4B-343A5ADAB30F}
	EndGlobalSection
EndGlobal
